github.com/LitFill/fatal v0.1.9 h1:Btrl2QeFFGllwUEyYepdxKVyf7YHk9XFkmfJ8tuDALs=
github.com/LitFill/fatal v0.1.9/go.mod h1:wzjKuEkQl+S3mHGtMFi1VXqfMLO5AYV2ElTX2Zh4Seg=
github.com/tadvi/winc v0.0.0-20210907234902-33fdab6e7e58 h1:h0tZ6ToFW9PUGt+145I77PGTeWa75hfJBs1kw9CgMZg=
github.com/tadvi/winc v0.0.0-20210907234902-33fdab6e7e58/go.mod h1:tNBZi4sduF/C3bQE2wGTIccmErQ4A9M9QkPsICVg+oE=
